
Microsoft Visual Studio Solution File, Format Version 12.00
Project("{FAE04EC0-301F-11D3-BF4B-00C04F79EFBC}") = "SDL2.Net5", "SDL2.Net5\SDL2.Net5.csproj", "{B4F51655-7358-4210-B5BC-7A923BC950E2}"
EndProject
Project("{2150E333-8FDC-42A3-9474-1A3956D46DE8}") = "Examples", "Examples", "{29E4891E-155D-4C1F-9060-4925415336A7}"
EndProject
Project("{FAE04EC0-301F-11D3-BF4B-00C04F79EFBC}") = "CreateWindow", "CreateWindow\CreateWindow.csproj", "{10B6D2DA-2AA5-4DA1-89CA-E04DADDF63EA}"
EndProject
Global
	GlobalSection(SolutionConfigurationPlatforms) = preSolution
		Debug|Any CPU = Debug|Any CPU
		Release|Any CPU = Release|Any CPU
	EndGlobalSection
	GlobalSection(ProjectConfigurationPlatforms) = postSolution
		{B4F51655-7358-4210-B5BC-7A923BC950E2}.Debug|Any CPU.ActiveCfg = Debug|Any CPU
		{B4F51655-7358-4210-B5BC-7A923BC950E2}.Debug|Any CPU.Build.0 = Debug|Any CPU
		{B4F51655-7358-4210-B5BC-7A923BC950E2}.Release|Any CPU.ActiveCfg = Release|Any CPU
		{B4F51655-7358-4210-B5BC-7A923BC950E2}.Release|Any CPU.Build.0 = Release|Any CPU
		{10B6D2DA-2AA5-4DA1-89CA-E04DADDF63EA}.Debug|Any CPU.ActiveCfg = Debug|Any CPU
		{10B6D2DA-2AA5-4DA1-89CA-E04DADDF63EA}.Debug|Any CPU.Build.0 = Debug|Any CPU
		{10B6D2DA-2AA5-4DA1-89CA-E04DADDF63EA}.Release|Any CPU.ActiveCfg = Release|Any CPU
		{10B6D2DA-2AA5-4DA1-89CA-E04DADDF63EA}.Release|Any CPU.Build.0 = Release|Any CPU
	EndGlobalSection
	GlobalSection(NestedProjects) = preSolution
		{10B6D2DA-2AA5-4DA1-89CA-E04DADDF63EA} = {29E4891E-155D-4C1F-9060-4925415336A7}
	EndGlobalSection
EndGlobal
